// !$*UTF8*$!
{
	archiveVersion = 1;
	classes = {
	};
	objectVersion = 46;
	objects = {

/* Begin PBXBuildFile section */
		4C6CB2FAF4A974497249E1A2 /* Pods_CoreAnimation_Collection.framework in Frameworks */ = {isa = PBXBuildFile; fileRef = 2F9FCA639AD68377BF82DB8F /* Pods_CoreAnimation_Collection.framework */; };
		E40450311C3CAA4000F88AAF /* TransformController.swift in Sources */ = {isa = PBXBuildFile; fileRef = E40450301C3CAA4000F88AAF /* TransformController.swift */; };
		E404C7E51C1973B0007DC001 /* AppDelegate.swift in Sources */ = {isa = PBXBuildFile; fileRef = E404C7E41C1973B0007DC001 /* AppDelegate.swift */; };
		E404C7E71C1973B0007DC001 /* ViewController.swift in Sources */ = {isa = PBXBuildFile; fileRef = E404C7E61C1973B0007DC001 /* ViewController.swift */; };
		E404C7EC1C1973B0007DC001 /* Assets.xcassets in Resources */ = {isa = PBXBuildFile; fileRef = E404C7EB1C1973B0007DC001 /* Assets.xcassets */; };
		E404C7EF1C1973B0007DC001 /* LaunchScreen.storyboard in Resources */ = {isa = PBXBuildFile; fileRef = E404C7ED1C1973B0007DC001 /* LaunchScreen.storyboard */; };
		E404C7FA1C1973B0007DC001 /* CoreAnimation_CollectionTests.swift in Sources */ = {isa = PBXBuildFile; fileRef = E404C7F91C1973B0007DC001 /* CoreAnimation_CollectionTests.swift */; };
		E404C8051C1973B0007DC001 /* CoreAnimation_CollectionUITests.swift in Sources */ = {isa = PBXBuildFile; fileRef = E404C8041C1973B0007DC001 /* CoreAnimation_CollectionUITests.swift */; };
		E404C8151C19868A007DC001 /* WaveViewController.swift in Sources */ = {isa = PBXBuildFile; fileRef = E404C8141C19868A007DC001 /* WaveViewController.swift */; };
		E404C8171C1986AB007DC001 /* WaveView.swift in Sources */ = {isa = PBXBuildFile; fileRef = E404C8161C1986AB007DC001 /* WaveView.swift */; };
		E41604191C1C747300D29926 /* CALayerViewController.swift in Sources */ = {isa = PBXBuildFile; fileRef = E41604181C1C747300D29926 /* CALayerViewController.swift */; };
		E41D7B5C1C2179CC000B8ACB /* CoordinateSystemViewController.swift in Sources */ = {isa = PBXBuildFile; fileRef = E41D7B5B1C2179CC000B8ACB /* CoordinateSystemViewController.swift */; };
		E42368FF1F0CC95300087197 /* UIBezierPath+TextPath.m in Sources */ = {isa = PBXBuildFile; fileRef = E42368FE1F0CC95300087197 /* UIBezierPath+TextPath.m */; };
		E42369021F0CC9AF00087197 /* NSString+TextAnimation.m in Sources */ = {isa = PBXBuildFile; fileRef = E42369011F0CC9AF00087197 /* NSString+TextAnimation.m */; };
		E42369041F0CCBDE00087197 /* TextPathController.swift in Sources */ = {isa = PBXBuildFile; fileRef = E42369031F0CCBDE00087197 /* TextPathController.swift */; };
		E42F96561C73231700FC1942 /* TimerAnimateViewController.swift in Sources */ = {isa = PBXBuildFile; fileRef = E42F96551C73231700FC1942 /* TimerAnimateViewController.swift */; };
		E453262D1C4B941100882B31 /* ExplicitAnimationViewController.swift in Sources */ = {isa = PBXBuildFile; fileRef = E453262C1C4B941100882B31 /* ExplicitAnimationViewController.swift */; };
		E4550C361C47351C00831886 /* HelloGLKitViewController.m in Sources */ = {isa = PBXBuildFile; fileRef = E4550C351C47351C00831886 /* HelloGLKitViewController.m */; };
		E4550C381C47380F00831886 /* tile_floor.png in Resources */ = {isa = PBXBuildFile; fileRef = E4550C371C47380F00831886 /* tile_floor.png */; };
		E45CC4491C45501000100DD8 /* LayerLabel.m in Sources */ = {isa = PBXBuildFile; fileRef = E45CC4421C45501000100DD8 /* LayerLabel.m */; };
		E45CC44A1C45501000100DD8 /* ReflectionView.m in Sources */ = {isa = PBXBuildFile; fileRef = E45CC4451C45501000100DD8 /* ReflectionView.m */; };
		E45CC44B1C45501000100DD8 /* ScrollView.m in Sources */ = {isa = PBXBuildFile; fileRef = E45CC4481C45501000100DD8 /* ScrollView.m */; };
		E46C2BD61C215FE600523D1A /* AnchorPointViewController.swift in Sources */ = {isa = PBXBuildFile; fileRef = E46C2BD51C215FE600523D1A /* AnchorPointViewController.swift */; };
		E48970F21C47FA570048F7E6 /* Ship.mp4 in Resources */ = {isa = PBXBuildFile; fileRef = E48970F11C47FA560048F7E6 /* Ship.mp4 */; };
		E48970F41C47FC370048F7E6 /* AVFoundation.framework in Frameworks */ = {isa = PBXBuildFile; fileRef = E48970F31C47FC370048F7E6 /* AVFoundation.framework */; };
		E49180121C21A9170010B224 /* HitTestingViewController.swift in Sources */ = {isa = PBXBuildFile; fileRef = E49180111C21A9170010B224 /* HitTestingViewController.swift */; };
		E49180141C21B3CF0010B224 /* CAlayerAppearanceViewController.swift in Sources */ = {isa = PBXBuildFile; fileRef = E49180131C21B3CF0010B224 /* CAlayerAppearanceViewController.swift */; };
		E4A2928F1C1C8539004835EB /* ContentsViewController.swift in Sources */ = {isa = PBXBuildFile; fileRef = E4A2928E1C1C8539004835EB /* ContentsViewController.swift */; };
		E4A292921C1C881C004835EB /* R.generated.swift in Sources */ = {isa = PBXBuildFile; fileRef = E4A292911C1C881C004835EB /* R.generated.swift */; };
		E4B07C721C1E54CC003C3BA5 /* AnimatedButton.swift in Sources */ = {isa = PBXBuildFile; fileRef = E4B07C6F1C1E54CC003C3BA5 /* AnimatedButton.swift */; };
		E4B07C731C1E54CC003C3BA5 /* GooeyViewController.swift in Sources */ = {isa = PBXBuildFile; fileRef = E4B07C701C1E54CC003C3BA5 /* GooeyViewController.swift */; };
		E4B07C741C1E54CC003C3BA5 /* TabbarMenu.swift in Sources */ = {isa = PBXBuildFile; fileRef = E4B07C711C1E54CC003C3BA5 /* TabbarMenu.swift */; };
		E4B07C861C1E5BC8003C3BA5 /* SwitchersCollectionViewController.swift in Sources */ = {isa = PBXBuildFile; fileRef = E4B07C841C1E5BC8003C3BA5 /* SwitchersCollectionViewController.swift */; };
		E4B07C871C1E5BC8003C3BA5 /* SwitchersCollectionViewController.xib in Resources */ = {isa = PBXBuildFile; fileRef = E4B07C851C1E5BC8003C3BA5 /* SwitchersCollectionViewController.xib */; };
		E4C88BE91C74421600F113FC /* EfficientDrawViewController.swift in Sources */ = {isa = PBXBuildFile; fileRef = E4C88BE81C74421600F113FC /* EfficientDrawViewController.swift */; };
		E4C88BED1C74426500F113FC /* EfficientDrawView.m in Sources */ = {isa = PBXBuildFile; fileRef = E4C88BEC1C74426500F113FC /* EfficientDrawView.m */; };
		E4C88BEF1C746A7700F113FC /* EfficientImageViewController.swift in Sources */ = {isa = PBXBuildFile; fileRef = E4C88BEE1C746A7700F113FC /* EfficientImageViewController.swift */; };
		E4C88C0A1C747F1100F113FC /* Vacation Photos in Resources */ = {isa = PBXBuildFile; fileRef = E4C88C091C747F1100F113FC /* Vacation Photos */; };
		E4DD4D371C7CA33A0023606A /* SpreadButton.swift in Sources */ = {isa = PBXBuildFile; fileRef = E4DD4D311C7CA33A0023606A /* SpreadButton.swift */; };
		E4DD4D381C7CA33A0023606A /* SpreadSubButton.swift in Sources */ = {isa = PBXBuildFile; fileRef = E4DD4D321C7CA33A0023606A /* SpreadSubButton.swift */; };
		E4DD4D3C1C7CA3E70023606A /* ZYSpreadButtonViewController.swift in Sources */ = {isa = PBXBuildFile; fileRef = E4DD4D3B1C7CA3E70023606A /* ZYSpreadButtonViewController.swift */; };
		E4DD4D411C7CA4380023606A /* ZYSpreadButton.m in Sources */ = {isa = PBXBuildFile; fileRef = E4DD4D3E1C7CA4380023606A /* ZYSpreadButton.m */; };
		E4DD4D421C7CA4380023606A /* ZYSpreadSubButton.m in Sources */ = {isa = PBXBuildFile; fileRef = E4DD4D401C7CA4380023606A /* ZYSpreadSubButton.m */; };
		E4DF6FA51C74B2E900E2A4A7 /* EfficientLayerController.swift in Sources */ = {isa = PBXBuildFile; fileRef = E4DF6FA41C74B2E900E2A4A7 /* EfficientLayerController.swift */; };
		E4E1FFBB1C3E66DD00AD87E5 /* GLKit.framework in Frameworks */ = {isa = PBXBuildFile; fileRef = E4E1FFBA1C3E66DD00AD87E5 /* GLKit.framework */; };
		E4E1FFBD1C3E717D00AD87E5 /* SpecialLayerController.swift in Sources */ = {isa = PBXBuildFile; fileRef = E4E1FFBC1C3E717D00AD87E5 /* SpecialLayerController.swift */; };
		E4EB17711C4A0A1C0016A4CF /* ImplicitAnomationViewController.swift in Sources */ = {isa = PBXBuildFile; fileRef = E4EB17701C4A0A1C0016A4CF /* ImplicitAnomationViewController.swift */; };
		E4ED01941CF579A3000B2744 /* TKBaseSwitcher.swift in Sources */ = {isa = PBXBuildFile; fileRef = E4ED018F1CF579A3000B2744 /* TKBaseSwitcher.swift */; };
		E4ED01951CF579A3000B2744 /* TKExchangeSwitch.swift in Sources */ = {isa = PBXBuildFile; fileRef = E4ED01901CF579A3000B2744 /* TKExchangeSwitch.swift */; };
		E4ED01961CF579A3000B2744 /* TKLiquidSwitch.swift in Sources */ = {isa = PBXBuildFile; fileRef = E4ED01911CF579A3000B2744 /* TKLiquidSwitch.swift */; };
		E4ED01971CF579A3000B2744 /* TKSimpleSwitch.swift in Sources */ = {isa = PBXBuildFile; fileRef = E4ED01921CF579A3000B2744 /* TKSimpleSwitch.swift */; };
		E4ED01981CF579A3000B2744 /* TKSmileSwitch.swift in Sources */ = {isa = PBXBuildFile; fileRef = E4ED01931CF579A3000B2744 /* TKSmileSwitch.swift */; };
		E4F2A58D1DF5D1B00088C0CD /* OpacityGradientView.swift in Sources */ = {isa = PBXBuildFile; fileRef = E4F2A58C1DF5D1B00088C0CD /* OpacityGradientView.swift */; };
		E4F2A5901DF5D3DD0088C0CD /* OpacityGradientViewController.swift in Sources */ = {isa = PBXBuildFile; fileRef = E4F2A58F1DF5D3DD0088C0CD /* OpacityGradientViewController.swift */; };
		E4F8DE141C71750E006DD5C3 /* CAMediaTimingController.swift in Sources */ = {isa = PBXBuildFile; fileRef = E4F8DE131C71750E006DD5C3 /* CAMediaTimingController.swift */; };
		E4F8DE161C71B217006DD5C3 /* CAMediaTimingFunction.swift in Sources */ = {isa = PBXBuildFile; fileRef = E4F8DE151C71B217006DD5C3 /* CAMediaTimingFunction.swift */; };
/* End PBXBuildFile section */

/* Begin PBXContainerItemProxy section */
		E404C7F61C1973B0007DC001 /* PBXContainerItemProxy */ = {
			isa = PBXContainerItemProxy;
			containerPortal = E404C7D91C1973B0007DC001 /* Project object */;
			proxyType = 1;
			remoteGlobalIDString = E404C7E01C1973B0007DC001;
			remoteInfo = CoreAnimation_Collection;
		};
		E404C8011C1973B0007DC001 /* PBXContainerItemProxy */ = {
			isa = PBXContainerItemProxy;
			containerPortal = E404C7D91C1973B0007DC001 /* Project object */;
			proxyType = 1;
			remoteGlobalIDString = E404C7E01C1973B0007DC001;
			remoteInfo = CoreAnimation_Collection;
		};
/* End PBXContainerItemProxy section */

/* Begin PBXFileReference section */
		1E74F656BD20B3AA7F279D7A /* Pods-CoreAnimation_Collection.debug.xcconfig */ = {isa = PBXFileReference; includeInIndex = 1; lastKnownFileType = text.xcconfig; name = "Pods-CoreAnimation_Collection.debug.xcconfig"; path = "Pods/Target Support Files/Pods-CoreAnimation_Collection/Pods-CoreAnimation_Collection.debug.xcconfig"; sourceTree = "<group>"; };
		2F9FCA639AD68377BF82DB8F /* Pods_CoreAnimation_Collection.framework */ = {isa = PBXFileReference; explicitFileType = wrapper.framework; includeInIndex = 0; path = Pods_CoreAnimation_Collection.framework; sourceTree = BUILT_PRODUCTS_DIR; };
		306822D31D5B42D24673407E /* Pods-CoreAnimation_Collection.release.xcconfig */ = {isa = PBXFileReference; includeInIndex = 1; lastKnownFileType = text.xcconfig; name = "Pods-CoreAnimation_Collection.release.xcconfig"; path = "Pods/Target Support Files/Pods-CoreAnimation_Collection/Pods-CoreAnimation_Collection.release.xcconfig"; sourceTree = "<group>"; };
		E316062CC85222F085AB2E14 /* Pods.framework */ = {isa = PBXFileReference; explicitFileType = wrapper.framework; includeInIndex = 0; path = Pods.framework; sourceTree = BUILT_PRODUCTS_DIR; };
		E40450301C3CAA4000F88AAF /* TransformController.swift */ = {isa = PBXFileReference; fileEncoding = 4; lastKnownFileType = sourcecode.swift; path = TransformController.swift; sourceTree = "<group>"; };
		E404C7E11C1973B0007DC001 /* CoreAnimation_Collection.app */ = {isa = PBXFileReference; explicitFileType = wrapper.application; includeInIndex = 0; path = CoreAnimation_Collection.app; sourceTree = BUILT_PRODUCTS_DIR; };
		E404C7E41C1973B0007DC001 /* AppDelegate.swift */ = {isa = PBXFileReference; lastKnownFileType = sourcecode.swift; path = AppDelegate.swift; sourceTree = "<group>"; };
		E404C7E61C1973B0007DC001 /* ViewController.swift */ = {isa = PBXFileReference; lastKnownFileType = sourcecode.swift; path = ViewController.swift; sourceTree = "<group>"; };
		E404C7EB1C1973B0007DC001 /* Assets.xcassets */ = {isa = PBXFileReference; lastKnownFileType = folder.assetcatalog; path = Assets.xcassets; sourceTree = "<group>"; };
		E404C7EE1C1973B0007DC001 /* Base */ = {isa = PBXFileReference; lastKnownFileType = file.storyboard; name = Base; path = Base.lproj/LaunchScreen.storyboard; sourceTree = "<group>"; };
		E404C7F01C1973B0007DC001 /* Info.plist */ = {isa = PBXFileReference; lastKnownFileType = text.plist.xml; path = Info.plist; sourceTree = "<group>"; };
		E404C7F51C1973B0007DC001 /* CoreAnimation_CollectionTests.xctest */ = {isa = PBXFileReference; explicitFileType = wrapper.cfbundle; includeInIndex = 0; path = CoreAnimation_CollectionTests.xctest; sourceTree = BUILT_PRODUCTS_DIR; };
		E404C7F91C1973B0007DC001 /* CoreAnimation_CollectionTests.swift */ = {isa = PBXFileReference; lastKnownFileType = sourcecode.swift; path = CoreAnimation_CollectionTests.swift; sourceTree = "<group>"; };
		E404C7FB1C1973B0007DC001 /* Info.plist */ = {isa = PBXFileReference; lastKnownFileType = text.plist.xml; path = Info.plist; sourceTree = "<group>"; };
		E404C8001C1973B0007DC001 /* CoreAnimation_CollectionUITests.xctest */ = {isa = PBXFileReference; explicitFileType = wrapper.cfbundle; includeInIndex = 0; path = CoreAnimation_CollectionUITests.xctest; sourceTree = BUILT_PRODUCTS_DIR; };
		E404C8041C1973B0007DC001 /* CoreAnimation_CollectionUITests.swift */ = {isa = PBXFileReference; lastKnownFileType = sourcecode.swift; path = CoreAnimation_CollectionUITests.swift; sourceTree = "<group>"; };
		E404C8061C1973B0007DC001 /* Info.plist */ = {isa = PBXFileReference; lastKnownFileType = text.plist.xml; path = Info.plist; sourceTree = "<group>"; };
		E404C8141C19868A007DC001 /* WaveViewController.swift */ = {isa = PBXFileReference; fileEncoding = 4; lastKnownFileType = sourcecode.swift; path = WaveViewController.swift; sourceTree = "<group>"; };
		E404C8161C1986AB007DC001 /* WaveView.swift */ = {isa = PBXFileReference; fileEncoding = 4; lastKnownFileType = sourcecode.swift; path = WaveView.swift; sourceTree = "<group>"; };
		E41604181C1C747300D29926 /* CALayerViewController.swift */ = {isa = PBXFileReference; fileEncoding = 4; lastKnownFileType = sourcecode.swift; path = CALayerViewController.swift; sourceTree = "<group>"; };
		E41D7B5B1C2179CC000B8ACB /* CoordinateSystemViewController.swift */ = {isa = PBXFileReference; fileEncoding = 4; lastKnownFileType = sourcecode.swift; path = CoordinateSystemViewController.swift; sourceTree = "<group>"; };
		E42368FD1F0CC95300087197 /* UIBezierPath+TextPath.h */ = {isa = PBXFileReference; fileEncoding = 4; lastKnownFileType = sourcecode.c.h; path = "UIBezierPath+TextPath.h"; sourceTree = "<group>"; };
		E42368FE1F0CC95300087197 /* UIBezierPath+TextPath.m */ = {isa = PBXFileReference; fileEncoding = 4; lastKnownFileType = sourcecode.c.objc; path = "UIBezierPath+TextPath.m"; sourceTree = "<group>"; };
		E42369001F0CC9AF00087197 /* NSString+TextAnimation.h */ = {isa = PBXFileReference; fileEncoding = 4; lastKnownFileType = sourcecode.c.h; path = "NSString+TextAnimation.h"; sourceTree = "<group>"; };
		E42369011F0CC9AF00087197 /* NSString+TextAnimation.m */ = {isa = PBXFileReference; fileEncoding = 4; lastKnownFileType = sourcecode.c.objc; path = "NSString+TextAnimation.m"; sourceTree = "<group>"; };
		E42369031F0CCBDE00087197 /* TextPathController.swift */ = {isa = PBXFileReference; fileEncoding = 4; lastKnownFileType = sourcecode.swift; path = TextPathController.swift; sourceTree = "<group>"; };
		E42F96551C73231700FC1942 /* TimerAnimateViewController.swift */ = {isa = PBXFileReference; fileEncoding = 4; lastKnownFileType = sourcecode.swift; path = TimerAnimateViewController.swift; sourceTree = "<group>"; };
		E453262C1C4B941100882B31 /* ExplicitAnimationViewController.swift */ = {isa = PBXFileReference; fileEncoding = 4; lastKnownFileType = sourcecode.swift; path = ExplicitAnimationViewController.swift; sourceTree = "<group>"; };
		E4550C341C47351C00831886 /* HelloGLKitViewController.h */ = {isa = PBXFileReference; fileEncoding = 4; lastKnownFileType = sourcecode.c.h; path = HelloGLKitViewController.h; sourceTree = "<group>"; };
		E4550C351C47351C00831886 /* HelloGLKitViewController.m */ = {isa = PBXFileReference; fileEncoding = 4; lastKnownFileType = sourcecode.c.objc; path = HelloGLKitViewController.m; sourceTree = "<group>"; };
		E4550C371C47380F00831886 /* tile_floor.png */ = {isa = PBXFileReference; lastKnownFileType = image.png; path = tile_floor.png; sourceTree = "<group>"; };
		E45CC4411C45501000100DD8 /* LayerLabel.h */ = {isa = PBXFileReference; fileEncoding = 4; lastKnownFileType = sourcecode.c.h; path = LayerLabel.h; sourceTree = "<group>"; };
		E45CC4421C45501000100DD8 /* LayerLabel.m */ = {isa = PBXFileReference; fileEncoding = 4; lastKnownFileType = sourcecode.c.objc; path = LayerLabel.m; sourceTree = "<group>"; };
		E45CC4441C45501000100DD8 /* ReflectionView.h */ = {isa = PBXFileReference; fileEncoding = 4; lastKnownFileType = sourcecode.c.h; path = ReflectionView.h; sourceTree = "<group>"; };
		E45CC4451C45501000100DD8 /* ReflectionView.m */ = {isa = PBXFileReference; fileEncoding = 4; lastKnownFileType = sourcecode.c.objc; path = ReflectionView.m; sourceTree = "<group>"; };
		E45CC4471C45501000100DD8 /* ScrollView.h */ = {isa = PBXFileReference; fileEncoding = 4; lastKnownFileType = sourcecode.c.h; path = ScrollView.h; sourceTree = "<group>"; };
		E45CC4481C45501000100DD8 /* ScrollView.m */ = {isa = PBXFileReference; fileEncoding = 4; lastKnownFileType = sourcecode.c.objc; path = ScrollView.m; sourceTree = "<group>"; };
		E46C2BD51C215FE600523D1A /* AnchorPointViewController.swift */ = {isa = PBXFileReference; fileEncoding = 4; lastKnownFileType = sourcecode.swift; path = AnchorPointViewController.swift; sourceTree = "<group>"; };
		E48970F11C47FA560048F7E6 /* Ship.mp4 */ = {isa = PBXFileReference; lastKnownFileType = file; path = Ship.mp4; sourceTree = "<group>"; };
		E48970F31C47FC370048F7E6 /* AVFoundation.framework */ = {isa = PBXFileReference; lastKnownFileType = wrapper.framework; name = AVFoundation.framework; path = System/Library/Frameworks/AVFoundation.framework; sourceTree = SDKROOT; };
		E49180111C21A9170010B224 /* HitTestingViewController.swift */ = {isa = PBXFileReference; fileEncoding = 4; lastKnownFileType = sourcecode.swift; path = HitTestingViewController.swift; sourceTree = "<group>"; };
		E49180131C21B3CF0010B224 /* CAlayerAppearanceViewController.swift */ = {isa = PBXFileReference; fileEncoding = 4; lastKnownFileType = sourcecode.swift; path = CAlayerAppearanceViewController.swift; sourceTree = "<group>"; };
		E4A292871C1C7AA7004835EB /* CoreAnimation_Collection-Bridging-Header.h */ = {isa = PBXFileReference; lastKnownFileType = sourcecode.c.h; path = "CoreAnimation_Collection-Bridging-Header.h"; sourceTree = "<group>"; };
		E4A2928E1C1C8539004835EB /* ContentsViewController.swift */ = {isa = PBXFileReference; fileEncoding = 4; lastKnownFileType = sourcecode.swift; path = ContentsViewController.swift; sourceTree = "<group>"; };
		E4A292911C1C881C004835EB /* R.generated.swift */ = {isa = PBXFileReference; fileEncoding = 4; lastKnownFileType = sourcecode.swift; path = R.generated.swift; sourceTree = SOURCE_ROOT; };
		E4B07C6F1C1E54CC003C3BA5 /* AnimatedButton.swift */ = {isa = PBXFileReference; fileEncoding = 4; lastKnownFileType = sourcecode.swift; path = AnimatedButton.swift; sourceTree = "<group>"; };
		E4B07C701C1E54CC003C3BA5 /* GooeyViewController.swift */ = {isa = PBXFileReference; fileEncoding = 4; lastKnownFileType = sourcecode.swift; path = GooeyViewController.swift; sourceTree = "<group>"; };
		E4B07C711C1E54CC003C3BA5 /* TabbarMenu.swift */ = {isa = PBXFileReference; fileEncoding = 4; lastKnownFileType = sourcecode.swift; path = TabbarMenu.swift; sourceTree = "<group>"; };
		E4B07C841C1E5BC8003C3BA5 /* SwitchersCollectionViewController.swift */ = {isa = PBXFileReference; fileEncoding = 4; lastKnownFileType = sourcecode.swift; path = SwitchersCollectionViewController.swift; sourceTree = "<group>"; };
		E4B07C851C1E5BC8003C3BA5 /* SwitchersCollectionViewController.xib */ = {isa = PBXFileReference; fileEncoding = 4; lastKnownFileType = file.xib; path = SwitchersCollectionViewController.xib; sourceTree = "<group>"; };
		E4C88BE81C74421600F113FC /* EfficientDrawViewController.swift */ = {isa = PBXFileReference; fileEncoding = 4; lastKnownFileType = sourcecode.swift; path = EfficientDrawViewController.swift; sourceTree = "<group>"; };
		E4C88BEB1C74426500F113FC /* EfficientDrawView.h */ = {isa = PBXFileReference; fileEncoding = 4; lastKnownFileType = sourcecode.c.h; path = EfficientDrawView.h; sourceTree = "<group>"; };
		E4C88BEC1C74426500F113FC /* EfficientDrawView.m */ = {isa = PBXFileReference; fileEncoding = 4; lastKnownFileType = sourcecode.c.objc; path = EfficientDrawView.m; sourceTree = "<group>"; };
		E4C88BEE1C746A7700F113FC /* EfficientImageViewController.swift */ = {isa = PBXFileReference; fileEncoding = 4; lastKnownFileType = sourcecode.swift; path = EfficientImageViewController.swift; sourceTree = "<group>"; };
		E4C88C091C747F1100F113FC /* Vacation Photos */ = {isa = PBXFileReference; lastKnownFileType = folder; path = "Vacation Photos"; sourceTree = "<group>"; };
		E4DD4D311C7CA33A0023606A /* SpreadButton.swift */ = {isa = PBXFileReference; fileEncoding = 4; lastKnownFileType = sourcecode.swift; path = SpreadButton.swift; sourceTree = "<group>"; };
		E4DD4D321C7CA33A0023606A /* SpreadSubButton.swift */ = {isa = PBXFileReference; fileEncoding = 4; lastKnownFileType = sourcecode.swift; path = SpreadSubButton.swift; sourceTree = "<group>"; };
		E4DD4D3B1C7CA3E70023606A /* ZYSpreadButtonViewController.swift */ = {isa = PBXFileReference; fileEncoding = 4; lastKnownFileType = sourcecode.swift; path = ZYSpreadButtonViewController.swift; sourceTree = "<group>"; };
		E4DD4D3D1C7CA4380023606A /* ZYSpreadButton.h */ = {isa = PBXFileReference; fileEncoding = 4; lastKnownFileType = sourcecode.c.h; path = ZYSpreadButton.h; sourceTree = "<group>"; };
		E4DD4D3E1C7CA4380023606A /* ZYSpreadButton.m */ = {isa = PBXFileReference; fileEncoding = 4; lastKnownFileType = sourcecode.c.objc; path = ZYSpreadButton.m; sourceTree = "<group>"; };
		E4DD4D3F1C7CA4380023606A /* ZYSpreadSubButton.h */ = {isa = PBXFileReference; fileEncoding = 4; lastKnownFileType = sourcecode.c.h; path = ZYSpreadSubButton.h; sourceTree = "<group>"; };
		E4DD4D401C7CA4380023606A /* ZYSpreadSubButton.m */ = {isa = PBXFileReference; fileEncoding = 4; lastKnownFileType = sourcecode.c.objc; path = ZYSpreadSubButton.m; sourceTree = "<group>"; };
		E4DF6FA41C74B2E900E2A4A7 /* EfficientLayerController.swift */ = {isa = PBXFileReference; fileEncoding = 4; lastKnownFileType = sourcecode.swift; path = EfficientLayerController.swift; sourceTree = "<group>"; };
		E4E1FFBA1C3E66DD00AD87E5 /* GLKit.framework */ = {isa = PBXFileReference; lastKnownFileType = wrapper.framework; name = GLKit.framework; path = System/Library/Frameworks/GLKit.framework; sourceTree = SDKROOT; };
		E4E1FFBC1C3E717D00AD87E5 /* SpecialLayerController.swift */ = {isa = PBXFileReference; fileEncoding = 4; lastKnownFileType = sourcecode.swift; path = SpecialLayerController.swift; sourceTree = "<group>"; };
		E4EB17701C4A0A1C0016A4CF /* ImplicitAnomationViewController.swift */ = {isa = PBXFileReference; fileEncoding = 4; lastKnownFileType = sourcecode.swift; path = ImplicitAnomationViewController.swift; sourceTree = "<group>"; };
		E4ED018F1CF579A3000B2744 /* TKBaseSwitcher.swift */ = {isa = PBXFileReference; fileEncoding = 4; lastKnownFileType = sourcecode.swift; path = TKBaseSwitcher.swift; sourceTree = "<group>"; };
		E4ED01901CF579A3000B2744 /* TKExchangeSwitch.swift */ = {isa = PBXFileReference; fileEncoding = 4; lastKnownFileType = sourcecode.swift; path = TKExchangeSwitch.swift; sourceTree = "<group>"; };
		E4ED01911CF579A3000B2744 /* TKLiquidSwitch.swift */ = {isa = PBXFileReference; fileEncoding = 4; lastKnownFileType = sourcecode.swift; path = TKLiquidSwitch.swift; sourceTree = "<group>"; };
		E4ED01921CF579A3000B2744 /* TKSimpleSwitch.swift */ = {isa = PBXFileReference; fileEncoding = 4; lastKnownFileType = sourcecode.swift; path = TKSimpleSwitch.swift; sourceTree = "<group>"; };
		E4ED01931CF579A3000B2744 /* TKSmileSwitch.swift */ = {isa = PBXFileReference; fileEncoding = 4; lastKnownFileType = sourcecode.swift; path = TKSmileSwitch.swift; sourceTree = "<group>"; };
		E4F2A58C1DF5D1B00088C0CD /* OpacityGradientView.swift */ = {isa = PBXFileReference; fileEncoding = 4; lastKnownFileType = sourcecode.swift; path = OpacityGradientView.swift; sourceTree = "<group>"; };
		E4F2A58F1DF5D3DD0088C0CD /* OpacityGradientViewController.swift */ = {isa = PBXFileReference; fileEncoding = 4; lastKnownFileType = sourcecode.swift; path = OpacityGradientViewController.swift; sourceTree = "<group>"; };
		E4F8DE131C71750E006DD5C3 /* CAMediaTimingController.swift */ = {isa = PBXFileReference; fileEncoding = 4; lastKnownFileType = sourcecode.swift; path = CAMediaTimingController.swift; sourceTree = "<group>"; };
		E4F8DE151C71B217006DD5C3 /* CAMediaTimingFunction.swift */ = {isa = PBXFileReference; fileEncoding = 4; lastKnownFileType = sourcecode.swift; path = CAMediaTimingFunction.swift; sourceTree = "<group>"; };
/* End PBXFileReference section */

/* Begin PBXFrameworksBuildPhase section */
		E404C7DE1C1973B0007DC001 /* Frameworks */ = {
			isa = PBXFrameworksBuildPhase;
			buildActionMask = 2147483647;
			files = (
				E48970F41C47FC370048F7E6 /* AVFoundation.framework in Frameworks */,
				E4E1FFBB1C3E66DD00AD87E5 /* GLKit.framework in Frameworks */,
				4C6CB2FAF4A974497249E1A2 /* Pods_CoreAnimation_Collection.framework in Frameworks */,
			);
			runOnlyForDeploymentPostprocessing = 0;
		};
		E404C7F21C1973B0007DC001 /* Frameworks */ = {
			isa = PBXFrameworksBuildPhase;
			buildActionMask = 2147483647;
			files = (
			);
			runOnlyForDeploymentPostprocessing = 0;
		};
		E404C7FD1C1973B0007DC001 /* Frameworks */ = {
			isa = PBXFrameworksBuildPhase;
			buildActionMask = 2147483647;
			files = (
			);
			runOnlyForDeploymentPostprocessing = 0;
		};
/* End PBXFrameworksBuildPhase section */

/* Begin PBXGroup section */
		3FCED589943EC05FE0117C9F /* Frameworks */ = {
			isa = PBXGroup;
			children = (
				E48970F31C47FC370048F7E6 /* AVFoundation.framework */,
				E4E1FFBA1C3E66DD00AD87E5 /* GLKit.framework */,
				E316062CC85222F085AB2E14 /* Pods.framework */,
				2F9FCA639AD68377BF82DB8F /* Pods_CoreAnimation_Collection.framework */,
			);
			name = Frameworks;
			sourceTree = "<group>";
		};
		AA038A8800DF129FE02A9860 /* Pods */ = {
			isa = PBXGroup;
			children = (
				1E74F656BD20B3AA7F279D7A /* Pods-CoreAnimation_Collection.debug.xcconfig */,
				306822D31D5B42D24673407E /* Pods-CoreAnimation_Collection.release.xcconfig */,
			);
			name = Pods;
			sourceTree = "<group>";
		};
		E404C7D81C1973B0007DC001 = {
			isa = PBXGroup;
			children = (
				E404C7E31C1973B0007DC001 /* CoreAnimation_Collection */,
				E404C7F81C1973B0007DC001 /* CoreAnimation_CollectionTests */,
				E404C8031C1973B0007DC001 /* CoreAnimation_CollectionUITests */,
				E404C7E21C1973B0007DC001 /* Products */,
				3FCED589943EC05FE0117C9F /* Frameworks */,
				AA038A8800DF129FE02A9860 /* Pods */,
			);
			sourceTree = "<group>";
		};
		E404C7E21C1973B0007DC001 /* Products */ = {
			isa = PBXGroup;
			children = (
				E404C7E11C1973B0007DC001 /* CoreAnimation_Collection.app */,
				E404C7F51C1973B0007DC001 /* CoreAnimation_CollectionTests.xctest */,
				E404C8001C1973B0007DC001 /* CoreAnimation_CollectionUITests.xctest */,
			);
			name = Products;
			sourceTree = "<group>";
		};
		E404C7E31C1973B0007DC001 /* CoreAnimation_Collection */ = {
			isa = PBXGroup;
			children = (
				E404C7E41C1973B0007DC001 /* AppDelegate.swift */,
				E404C7E61C1973B0007DC001 /* ViewController.swift */,
				E41604181C1C747300D29926 /* CALayerViewController.swift */,
				E4A2928E1C1C8539004835EB /* ContentsViewController.swift */,
				E46C2BD51C215FE600523D1A /* AnchorPointViewController.swift */,
				E41D7B5B1C2179CC000B8ACB /* CoordinateSystemViewController.swift */,
				E49180111C21A9170010B224 /* HitTestingViewController.swift */,
				E49180131C21B3CF0010B224 /* CAlayerAppearanceViewController.swift */,
				E40450301C3CAA4000F88AAF /* TransformController.swift */,
				E4E1FFBC1C3E717D00AD87E5 /* SpecialLayerController.swift */,
				E4EB17701C4A0A1C0016A4CF /* ImplicitAnomationViewController.swift */,
				E453262C1C4B941100882B31 /* ExplicitAnimationViewController.swift */,
				E4F8DE131C71750E006DD5C3 /* CAMediaTimingController.swift */,
				E4F8DE151C71B217006DD5C3 /* CAMediaTimingFunction.swift */,
				E4DD4D3B1C7CA3E70023606A /* ZYSpreadButtonViewController.swift */,
				E4C88BEE1C746A7700F113FC /* EfficientImageViewController.swift */,
				E4DF6FA41C74B2E900E2A4A7 /* EfficientLayerController.swift */,
				E4C88BE81C74421600F113FC /* EfficientDrawViewController.swift */,
				E42F96551C73231700FC1942 /* TimerAnimateViewController.swift */,
				E4F2A58F1DF5D3DD0088C0CD /* OpacityGradientViewController.swift */,
				E42369031F0CCBDE00087197 /* TextPathController.swift */,
				E4550C341C47351C00831886 /* HelloGLKitViewController.h */,
				E4550C351C47351C00831886 /* HelloGLKitViewController.m */,
				E45CC43F1C45501000100DD8 /* Views */,
				E404C8121C198650007DC001 /* Animations */,
				E4A292911C1C881C004835EB /* R.generated.swift */,
				E404C7EB1C1973B0007DC001 /* Assets.xcassets */,
				E4C88C091C747F1100F113FC /* Vacation Photos */,
				E48970F11C47FA560048F7E6 /* Ship.mp4 */,
				E4550C371C47380F00831886 /* tile_floor.png */,
				E404C7ED1C1973B0007DC001 /* LaunchScreen.storyboard */,
				E404C7F01C1973B0007DC001 /* Info.plist */,
				E4A292871C1C7AA7004835EB /* CoreAnimation_Collection-Bridging-Header.h */,
			);
			path = CoreAnimation_Collection;
			sourceTree = "<group>";
		};
		E404C7F81C1973B0007DC001 /* CoreAnimation_CollectionTests */ = {
			isa = PBXGroup;
			children = (
				E404C7F91C1973B0007DC001 /* CoreAnimation_CollectionTests.swift */,
				E404C7FB1C1973B0007DC001 /* Info.plist */,
			);
			path = CoreAnimation_CollectionTests;
			sourceTree = "<group>";
		};
		E404C8031C1973B0007DC001 /* CoreAnimation_CollectionUITests */ = {
			isa = PBXGroup;
			children = (
				E404C8041C1973B0007DC001 /* CoreAnimation_CollectionUITests.swift */,
				E404C8061C1973B0007DC001 /* Info.plist */,
			);
			path = CoreAnimation_CollectionUITests;
			sourceTree = "<group>";
		};
		E404C8121C198650007DC001 /* Animations */ = {
			isa = PBXGroup;
			children = (
				E42368FC1F0CC92200087197 /* TextPatch */,
				E4B07C751C1E56C9003C3BA5 /* SwitcherCollection */,
				E4B07C6E1C1E54CC003C3BA5 /* Gooey */,
				E404C8131C198650007DC001 /* Wave */,
			);
			path = Animations;
			sourceTree = "<group>";
		};
		E404C8131C198650007DC001 /* Wave */ = {
			isa = PBXGroup;
			children = (
				E404C8141C19868A007DC001 /* WaveViewController.swift */,
				E404C8161C1986AB007DC001 /* WaveView.swift */,
			);
			path = Wave;
			sourceTree = "<group>";
		};
		E42368FC1F0CC92200087197 /* TextPatch */ = {
			isa = PBXGroup;
			children = (
				E42368FD1F0CC95300087197 /* UIBezierPath+TextPath.h */,
				E42368FE1F0CC95300087197 /* UIBezierPath+TextPath.m */,
				E42369001F0CC9AF00087197 /* NSString+TextAnimation.h */,
				E42369011F0CC9AF00087197 /* NSString+TextAnimation.m */,
			);
			path = TextPatch;
			sourceTree = "<group>";
		};
		E45CC43F1C45501000100DD8 /* Views */ = {
			isa = PBXGroup;
			children = (
				E4F2A5881DF5D1810088C0CD /* OpacityGradientView */,
				E4DD4D301C7CA33A0023606A /* ZYSpreadButton */,
				E4C88BEA1C74426500F113FC /* EfficientDrawView */,
				E45CC4401C45501000100DD8 /* LayerLabel */,
				E45CC4431C45501000100DD8 /* ReflectionView */,
				E45CC4461C45501000100DD8 /* ScrollView */,
			);
			path = Views;
			sourceTree = "<group>";
		};
		E45CC4401C45501000100DD8 /* LayerLabel */ = {
			isa = PBXGroup;
			children = (
				E45CC4411C45501000100DD8 /* LayerLabel.h */,
				E45CC4421C45501000100DD8 /* LayerLabel.m */,
			);
			path = LayerLabel;
			sourceTree = "<group>";
		};
		E45CC4431C45501000100DD8 /* ReflectionView */ = {
			isa = PBXGroup;
			children = (
				E45CC4441C45501000100DD8 /* ReflectionView.h */,
				E45CC4451C45501000100DD8 /* ReflectionView.m */,
			);
			path = ReflectionView;
			sourceTree = "<group>";
		};
		E45CC4461C45501000100DD8 /* ScrollView */ = {
			isa = PBXGroup;
			children = (
				E45CC4471C45501000100DD8 /* ScrollView.h */,
				E45CC4481C45501000100DD8 /* ScrollView.m */,
			);
			path = ScrollView;
			sourceTree = "<group>";
		};
		E4B07C6E1C1E54CC003C3BA5 /* Gooey */ = {
			isa = PBXGroup;
			children = (
				E4B07C6F1C1E54CC003C3BA5 /* AnimatedButton.swift */,
				E4B07C701C1E54CC003C3BA5 /* GooeyViewController.swift */,
				E4B07C711C1E54CC003C3BA5 /* TabbarMenu.swift */,
			);
			path = Gooey;
			sourceTree = "<group>";
		};
		E4B07C751C1E56C9003C3BA5 /* SwitcherCollection */ = {
			isa = PBXGroup;
			children = (
				E4ED018F1CF579A3000B2744 /* TKBaseSwitcher.swift */,
				E4ED01901CF579A3000B2744 /* TKExchangeSwitch.swift */,
				E4ED01911CF579A3000B2744 /* TKLiquidSwitch.swift */,
				E4ED01921CF579A3000B2744 /* TKSimpleSwitch.swift */,
				E4ED01931CF579A3000B2744 /* TKSmileSwitch.swift */,
				E4B07C841C1E5BC8003C3BA5 /* SwitchersCollectionViewController.swift */,
				E4B07C851C1E5BC8003C3BA5 /* SwitchersCollectionViewController.xib */,
			);
			path = SwitcherCollection;
			sourceTree = "<group>";
		};
		E4C88BEA1C74426500F113FC /* EfficientDrawView */ = {
			isa = PBXGroup;
			children = (
				E4C88BEB1C74426500F113FC /* EfficientDrawView.h */,
				E4C88BEC1C74426500F113FC /* EfficientDrawView.m */,
			);
			path = EfficientDrawView;
			sourceTree = "<group>";
		};
		E4DD4D301C7CA33A0023606A /* ZYSpreadButton */ = {
			isa = PBXGroup;
			children = (
				E4DD4D311C7CA33A0023606A /* SpreadButton.swift */,
				E4DD4D321C7CA33A0023606A /* SpreadSubButton.swift */,
				E4DD4D3D1C7CA4380023606A /* ZYSpreadButton.h */,
				E4DD4D3E1C7CA4380023606A /* ZYSpreadButton.m */,
				E4DD4D3F1C7CA4380023606A /* ZYSpreadSubButton.h */,
				E4DD4D401C7CA4380023606A /* ZYSpreadSubButton.m */,
			);
			path = ZYSpreadButton;
			sourceTree = "<group>";
		};
		E4F2A5881DF5D1810088C0CD /* OpacityGradientView */ = {
			isa = PBXGroup;
			children = (
				E4F2A58C1DF5D1B00088C0CD /* OpacityGradientView.swift */,
			);
			path = OpacityGradientView;
			sourceTree = "<group>";
		};
/* End PBXGroup section */

/* Begin PBXNativeTarget section */
		E404C7E01C1973B0007DC001 /* CoreAnimation_Collection */ = {
			isa = PBXNativeTarget;
			buildConfigurationList = E404C8091C1973B0007DC001 /* Build configuration list for PBXNativeTarget "CoreAnimation_Collection" */;
			buildPhases = (
				8A1C2C49F9638BFD817EA45E /* [CP] Check Pods Manifest.lock */,
				E4A292901C1C8744004835EB /* ShellScript */,
				E404C7DD1C1973B0007DC001 /* Sources */,
				E404C7DE1C1973B0007DC001 /* Frameworks */,
				E404C7DF1C1973B0007DC001 /* Resources */,
				3041D117CBA06C0F4376B5B1 /* [CP] Embed Pods Frameworks */,
				ACECDD182E45BBA439594A59 /* [CP] Copy Pods Resources */,
			);
			buildRules = (
			);
			dependencies = (
			);
			name = CoreAnimation_Collection;
			productName = CoreAnimation_Collection;
			productReference = E404C7E11C1973B0007DC001 /* CoreAnimation_Collection.app */;
			productType = "com.apple.product-type.application";
		};
		E404C7F41C1973B0007DC001 /* CoreAnimation_CollectionTests */ = {
			isa = PBXNativeTarget;
			buildConfigurationList = E404C80C1C1973B0007DC001 /* Build configuration list for PBXNativeTarget "CoreAnimation_CollectionTests" */;
			buildPhases = (
				E404C7F11C1973B0007DC001 /* Sources */,
				E404C7F21C1973B0007DC001 /* Frameworks */,
				E404C7F31C1973B0007DC001 /* Resources */,
			);
			buildRules = (
			);
			dependencies = (
				E404C7F71C1973B0007DC001 /* PBXTargetDependency */,
			);
			name = CoreAnimation_CollectionTests;
			productName = CoreAnimation_CollectionTests;
			productReference = E404C7F51C1973B0007DC001 /* CoreAnimation_CollectionTests.xctest */;
			productType = "com.apple.product-type.bundle.unit-test";
		};
		E404C7FF1C1973B0007DC001 /* CoreAnimation_CollectionUITests */ = {
			isa = PBXNativeTarget;
			buildConfigurationList = E404C80F1C1973B0007DC001 /* Build configuration list for PBXNativeTarget "CoreAnimation_CollectionUITests" */;
			buildPhases = (
				E404C7FC1C1973B0007DC001 /* Sources */,
				E404C7FD1C1973B0007DC001 /* Frameworks */,
				E404C7FE1C1973B0007DC001 /* Resources */,
			);
			buildRules = (
			);
			dependencies = (
				E404C8021C1973B0007DC001 /* PBXTargetDependency */,
			);
			name = CoreAnimation_CollectionUITests;
			productName = CoreAnimation_CollectionUITests;
			productReference = E404C8001C1973B0007DC001 /* CoreAnimation_CollectionUITests.xctest */;
			productType = "com.apple.product-type.bundle.ui-testing";
		};
/* End PBXNativeTarget section */

/* Begin PBXProject section */
		E404C7D91C1973B0007DC001 /* Project object */ = {
			isa = PBXProject;
			attributes = {
				LastSwiftUpdateCheck = 0720;
				LastUpgradeCheck = 0810;
				ORGANIZATIONNAME = ray;
				TargetAttributes = {
					E404C7E01C1973B0007DC001 = {
						CreatedOnToolsVersion = 7.2;
						DevelopmentTeam = X57K7JH2EV;
						LastSwiftMigration = 0800;
					};
					E404C7F41C1973B0007DC001 = {
						CreatedOnToolsVersion = 7.2;
						LastSwiftMigration = 0800;
						TestTargetID = E404C7E01C1973B0007DC001;
					};
					E404C7FF1C1973B0007DC001 = {
						CreatedOnToolsVersion = 7.2;
						LastSwiftMigration = 0800;
						TestTargetID = E404C7E01C1973B0007DC001;
					};
				};
			};
			buildConfigurationList = E404C7DC1C1973B0007DC001 /* Build configuration list for PBXProject "CoreAnimation_Collection" */;
			compatibilityVersion = "Xcode 3.2";
			developmentRegion = English;
			hasScannedForEncodings = 0;
			knownRegions = (
				en,
				Base,
			);
			mainGroup = E404C7D81C1973B0007DC001;
			productRefGroup = E404C7E21C1973B0007DC001 /* Products */;
			projectDirPath = "";
			projectRoot = "";
			targets = (
				E404C7E01C1973B0007DC001 /* CoreAnimation_Collection */,
				E404C7F41C1973B0007DC001 /* CoreAnimation_CollectionTests */,
				E404C7FF1C1973B0007DC001 /* CoreAnimation_CollectionUITests */,
			);
		};
/* End PBXProject section */

/* Begin PBXResourcesBuildPhase section */
		E404C7DF1C1973B0007DC001 /* Resources */ = {
			isa = PBXResourcesBuildPhase;
			buildActionMask = 2147483647;
			files = (
				E4550C381C47380F00831886 /* tile_floor.png in Resources */,
				E404C7EF1C1973B0007DC001 /* LaunchScreen.storyboard in Resources */,
				E4B07C871C1E5BC8003C3BA5 /* SwitchersCollectionViewController.xib in Resources */,
				E404C7EC1C1973B0007DC001 /* Assets.xcassets in Resources */,
				E48970F21C47FA570048F7E6 /* Ship.mp4 in Resources */,
				E4C88C0A1C747F1100F113FC /* Vacation Photos in Resources */,
			);
			runOnlyForDeploymentPostprocessing = 0;
		};
		E404C7F31C1973B0007DC001 /* Resources */ = {
			isa = PBXResourcesBuildPhase;
			buildActionMask = 2147483647;
			files = (
			);
			runOnlyForDeploymentPostprocessing = 0;
		};
		E404C7FE1C1973B0007DC001 /* Resources */ = {
			isa = PBXResourcesBuildPhase;
			buildActionMask = 2147483647;
			files = (
			);
			runOnlyForDeploymentPostprocessing = 0;
		};
/* End PBXResourcesBuildPhase section */

/* Begin PBXShellScriptBuildPhase section */
		3041D117CBA06C0F4376B5B1 /* [CP] Embed Pods Frameworks */ = {
			isa = PBXShellScriptBuildPhase;
			buildActionMask = 2147483647;
			files = (
			);
			inputPaths = (
				"${SRCROOT}/Pods/Target Support Files/Pods-CoreAnimation_Collection/Pods-CoreAnimation_Collection-frameworks.sh",
				"${BUILT_PRODUCTS_DIR}/R.swift.Library/Rswift.framework",
			);
			name = "[CP] Embed Pods Frameworks";
			outputPaths = (
				"${TARGET_BUILD_DIR}/${FRAMEWORKS_FOLDER_PATH}/Rswift.framework",
			);
			runOnlyForDeploymentPostprocessing = 0;
			shellPath = /bin/sh;
			shellScript = "\"${SRCROOT}/Pods/Target Support Files/Pods-CoreAnimation_Collection/Pods-CoreAnimation_Collection-frameworks.sh\"\n";
			showEnvVarsInLog = 0;
		};
		8A1C2C49F9638BFD817EA45E /* [CP] Check Pods Manifest.lock */ = {
			isa = PBXShellScriptBuildPhase;
			buildActionMask = 2147483647;
			files = (
			);
			inputPaths = (
				"${PODS_PODFILE_DIR_PATH}/Podfile.lock",
				"${PODS_ROOT}/Manifest.lock",
			);
			name = "[CP] Check Pods Manifest.lock";
			outputPaths = (
				"$(DERIVED_FILE_DIR)/Pods-CoreAnimation_Collection-checkManifestLockResult.txt",
			);
			runOnlyForDeploymentPostprocessing = 0;
			shellPath = /bin/sh;
			shellScript = "diff \"${PODS_PODFILE_DIR_PATH}/Podfile.lock\" \"${PODS_ROOT}/Manifest.lock\" > /dev/null\nif [ $? != 0 ] ; then\n    # print error to STDERR\n    echo \"error: The sandbox is not in sync with the Podfile.lock. Run 'pod install' or update your CocoaPods installation.\" >&2\n    exit 1\nfi\n# This output is used by Xcode 'outputs' to avoid re-running this script phase.\necho \"SUCCESS\" > \"${SCRIPT_OUTPUT_FILE_0}\"\n";
			showEnvVarsInLog = 0;
		};
		ACECDD182E45BBA439594A59 /* [CP] Copy Pods Resources */ = {
			isa = PBXShellScriptBuildPhase;
			buildActionMask = 2147483647;
			files = (
			);
			inputPaths = (
			);
			name = "[CP] Copy Pods Resources";
			outputPaths = (
			);
			runOnlyForDeploymentPostprocessing = 0;
			shellPath = /bin/sh;
			shellScript = "\"${SRCROOT}/Pods/Target Support Files/Pods-CoreAnimation_Collection/Pods-CoreAnimation_Collection-resources.sh\"\n";
			showEnvVarsInLog = 0;
		};
		E4A292901C1C8744004835EB /* ShellScript */ = {
			isa = PBXShellScriptBuildPhase;
			buildActionMask = 2147483647;
			files = (
			);
			inputPaths = (
			);
			outputPaths = (
			);
			runOnlyForDeploymentPostprocessing = 0;
			shellPath = /bin/sh;
			shellScript = "\"$PODS_ROOT/R.swift/rswift\" \"$SRCROOT\"";
		};
/* End PBXShellScriptBuildPhase section */

/* Begin PBXSourcesBuildPhase section */
		E404C7DD1C1973B0007DC001 /* Sources */ = {
			isa = PBXSourcesBuildPhase;
			buildActionMask = 2147483647;
			files = (
				E4F2A58D1DF5D1B00088C0CD /* OpacityGradientView.swift in Sources */,
				E4B07C861C1E5BC8003C3BA5 /* SwitchersCollectionViewController.swift in Sources */,
				E4C88BE91C74421600F113FC /* EfficientDrawViewController.swift in Sources */,
				E4B07C741C1E54CC003C3BA5 /* TabbarMenu.swift in Sources */,
				E4E1FFBD1C3E717D00AD87E5 /* SpecialLayerController.swift in Sources */,
				E41D7B5C1C2179CC000B8ACB /* CoordinateSystemViewController.swift in Sources */,
				E404C7E71C1973B0007DC001 /* ViewController.swift in Sources */,
				E4ED01941CF579A3000B2744 /* TKBaseSwitcher.swift in Sources */,
				E4A292921C1C881C004835EB /* R.generated.swift in Sources */,
				E42369041F0CCBDE00087197 /* TextPathController.swift in Sources */,
				E404C7E51C1973B0007DC001 /* AppDelegate.swift in Sources */,
				E42368FF1F0CC95300087197 /* UIBezierPath+TextPath.m in Sources */,
				E4F8DE161C71B217006DD5C3 /* CAMediaTimingFunction.swift in Sources */,
				E4F8DE141C71750E006DD5C3 /* CAMediaTimingController.swift in Sources */,
				E453262D1C4B941100882B31 /* ExplicitAnimationViewController.swift in Sources */,
				E4A2928F1C1C8539004835EB /* ContentsViewController.swift in Sources */,
				E4EB17711C4A0A1C0016A4CF /* ImplicitAnomationViewController.swift in Sources */,
				E4ED01951CF579A3000B2744 /* TKExchangeSwitch.swift in Sources */,
				E46C2BD61C215FE600523D1A /* AnchorPointViewController.swift in Sources */,
				E4550C361C47351C00831886 /* HelloGLKitViewController.m in Sources */,
				E4DF6FA51C74B2E900E2A4A7 /* EfficientLayerController.swift in Sources */,
				E4DD4D381C7CA33A0023606A /* SpreadSubButton.swift in Sources */,
				E404C8151C19868A007DC001 /* WaveViewController.swift in Sources */,
				E42F96561C73231700FC1942 /* TimerAnimateViewController.swift in Sources */,
				E4DD4D3C1C7CA3E70023606A /* ZYSpreadButtonViewController.swift in Sources */,
				E4C88BEF1C746A7700F113FC /* EfficientImageViewController.swift in Sources */,
				E4B07C731C1E54CC003C3BA5 /* GooeyViewController.swift in Sources */,
				E4C88BED1C74426500F113FC /* EfficientDrawView.m in Sources */,
				E45CC4491C45501000100DD8 /* LayerLabel.m in Sources */,
				E4ED01961CF579A3000B2744 /* TKLiquidSwitch.swift in Sources */,
				E4DD4D411C7CA4380023606A /* ZYSpreadButton.m in Sources */,
				E4DD4D421C7CA4380023606A /* ZYSpreadSubButton.m in Sources */,
				E4ED01971CF579A3000B2744 /* TKSimpleSwitch.swift in Sources */,
				E45CC44A1C45501000100DD8 /* ReflectionView.m in Sources */,
				E41604191C1C747300D29926 /* CALayerViewController.swift in Sources */,
				E45CC44B1C45501000100DD8 /* ScrollView.m in Sources */,
				E4ED01981CF579A3000B2744 /* TKSmileSwitch.swift in Sources */,
				E49180141C21B3CF0010B224 /* CAlayerAppearanceViewController.swift in Sources */,
				E4F2A5901DF5D3DD0088C0CD /* OpacityGradientViewController.swift in Sources */,
				E49180121C21A9170010B224 /* HitTestingViewController.swift in Sources */,
				E42369021F0CC9AF00087197 /* NSString+TextAnimation.m in Sources */,
				E4DD4D371C7CA33A0023606A /* SpreadButton.swift in Sources */,
				E4B07C721C1E54CC003C3BA5 /* AnimatedButton.swift in Sources */,
				E40450311C3CAA4000F88AAF /* TransformController.swift in Sources */,
				E404C8171C1986AB007DC001 /* WaveView.swift in Sources */,
			);
			runOnlyForDeploymentPostprocessing = 0;
		};
		E404C7F11C1973B0007DC001 /* Sources */ = {
			isa = PBXSourcesBuildPhase;
			buildActionMask = 2147483647;
			files = (
				E404C7FA1C1973B0007DC001 /* CoreAnimation_CollectionTests.swift in Sources */,
			);
			runOnlyForDeploymentPostprocessing = 0;
		};
		E404C7FC1C1973B0007DC001 /* Sources */ = {
			isa = PBXSourcesBuildPhase;
			buildActionMask = 2147483647;
			files = (
				E404C8051C1973B0007DC001 /* CoreAnimation_CollectionUITests.swift in Sources */,
			);
			runOnlyForDeploymentPostprocessing = 0;
		};
/* End PBXSourcesBuildPhase section */

/* Begin PBXTargetDependency section */
		E404C7F71C1973B0007DC001 /* PBXTargetDependency */ = {
			isa = PBXTargetDependency;
			target = E404C7E01C1973B0007DC001 /* CoreAnimation_Collection */;
			targetProxy = E404C7F61C1973B0007DC001 /* PBXContainerItemProxy */;
		};
		E404C8021C1973B0007DC001 /* PBXTargetDependency */ = {
			isa = PBXTargetDependency;
			target = E404C7E01C1973B0007DC001 /* CoreAnimation_Collection */;
			targetProxy = E404C8011C1973B0007DC001 /* PBXContainerItemProxy */;
		};
/* End PBXTargetDependency section */

/* Begin PBXVariantGroup section */
		E404C7ED1C1973B0007DC001 /* LaunchScreen.storyboard */ = {
			isa = PBXVariantGroup;
			children = (
				E404C7EE1C1973B0007DC001 /* Base */,
			);
			name = LaunchScreen.storyboard;
			sourceTree = "<group>";
		};
/* End PBXVariantGroup section */

/* Begin XCBuildConfiguration section */
		E404C8071C1973B0007DC001 /* Debug */ = {
			isa = XCBuildConfiguration;
			buildSettings = {
				ALWAYS_SEARCH_USER_PATHS = NO;
				CLANG_CXX_LANGUAGE_STANDARD = "gnu++0x";
				CLANG_CXX_LIBRARY = "libc++";
				CLANG_ENABLE_MODULES = YES;
				CLANG_ENABLE_OBJC_ARC = YES;
				CLANG_WARN_BOOL_CONVERSION = YES;
				CLANG_WARN_CONSTANT_CONVERSION = YES;
				CLANG_WARN_DIRECT_OBJC_ISA_USAGE = YES_ERROR;
				CLANG_WARN_EMPTY_BODY = YES;
				CLANG_WARN_ENUM_CONVERSION = YES;
				CLANG_WARN_INFINITE_RECURSION = YES;
				CLANG_WARN_INT_CONVERSION = YES;
				CLANG_WARN_OBJC_ROOT_CLASS = YES_ERROR;
				CLANG_WARN_SUSPICIOUS_MOVE = YES;
				CLANG_WARN_UNREACHABLE_CODE = YES;
				CLANG_WARN__DUPLICATE_METHOD_MATCH = YES;
				"CODE_SIGN_IDENTITY[sdk=iphoneos*]" = "iPhone Developer";
				COPY_PHASE_STRIP = NO;
				DEBUG_INFORMATION_FORMAT = dwarf;
				ENABLE_STRICT_OBJC_MSGSEND = YES;
				ENABLE_TESTABILITY = YES;
				GCC_C_LANGUAGE_STANDARD = gnu99;
				GCC_DYNAMIC_NO_PIC = NO;
				GCC_NO_COMMON_BLOCKS = YES;
				GCC_OPTIMIZATION_LEVEL = 0;
				GCC_PREPROCESSOR_DEFINITIONS = (
					"DEBUG=1",
					"$(inherited)",
				);
				GCC_WARN_64_TO_32_BIT_CONVERSION = YES;
				GCC_WARN_ABOUT_RETURN_TYPE = YES_ERROR;
				GCC_WARN_UNDECLARED_SELECTOR = YES;
				GCC_WARN_UNINITIALIZED_AUTOS = YES_AGGRESSIVE;
				GCC_WARN_UNUSED_FUNCTION = YES;
				GCC_WARN_UNUSED_VARIABLE = YES;
				IPHONEOS_DEPLOYMENT_TARGET = 8.0;
				MTL_ENABLE_DEBUG_INFO = YES;
				ONLY_ACTIVE_ARCH = YES;
				SDKROOT = iphoneos;
				SWIFT_OPTIMIZATION_LEVEL = "-Onone";
				TARGETED_DEVICE_FAMILY = "1,2";
			};
			name = Debug;
		};
		E404C8081C1973B0007DC001 /* Release */ = {
			isa = XCBuildConfiguration;
			buildSettings = {
				ALWAYS_SEARCH_USER_PATHS = NO;
				CLANG_CXX_LANGUAGE_STANDARD = "gnu++0x";
				CLANG_CXX_LIBRARY = "libc++";
				CLANG_ENABLE_MODULES = YES;
				CLANG_ENABLE_OBJC_ARC = YES;
				CLANG_WARN_BOOL_CONVERSION = YES;
				CLANG_WARN_CONSTANT_CONVERSION = YES;
				CLANG_WARN_DIRECT_OBJC_ISA_USAGE = YES_ERROR;
				CLANG_WARN_EMPTY_BODY = YES;
				CLANG_WARN_ENUM_CONVERSION = YES;
				CLANG_WARN_INFINITE_RECURSION = YES;
				CLANG_WARN_INT_CONVERSION = YES;
				CLANG_WARN_OBJC_ROOT_CLASS = YES_ERROR;
				CLANG_WARN_SUSPICIOUS_MOVE = YES;
				CLANG_WARN_UNREACHABLE_CODE = YES;
				CLANG_WARN__DUPLICATE_METHOD_MATCH = YES;
				"CODE_SIGN_IDENTITY[sdk=iphoneos*]" = "iPhone Developer";
				COPY_PHASE_STRIP = NO;
				DEBUG_INFORMATION_FORMAT = "dwarf-with-dsym";
				ENABLE_NS_ASSERTIONS = NO;
				ENABLE_STRICT_OBJC_MSGSEND = YES;
				GCC_C_LANGUAGE_STANDARD = gnu99;
				GCC_NO_COMMON_BLOCKS = YES;
				GCC_WARN_64_TO_32_BIT_CONVERSION = YES;
				GCC_WARN_ABOUT_RETURN_TYPE = YES_ERROR;
				GCC_WARN_UNDECLARED_SELECTOR = YES;
				GCC_WARN_UNINITIALIZED_AUTOS = YES_AGGRESSIVE;
				GCC_WARN_UNUSED_FUNCTION = YES;
				GCC_WARN_UNUSED_VARIABLE = YES;
				IPHONEOS_DEPLOYMENT_TARGET = 8.0;
				MTL_ENABLE_DEBUG_INFO = NO;
				SDKROOT = iphoneos;
				SWIFT_OPTIMIZATION_LEVEL = "-Owholemodule";
				TARGETED_DEVICE_FAMILY = "1,2";
				VALIDATE_PRODUCT = YES;
			};
			name = Release;
		};
		E404C80A1C1973B0007DC001 /* Debug */ = {
			isa = XCBuildConfiguration;
			baseConfigurationReference = 1E74F656BD20B3AA7F279D7A /* Pods-CoreAnimation_Collection.debug.xcconfig */;
			buildSettings = {
				ALWAYS_EMBED_SWIFT_STANDARD_LIBRARIES = "$(inherited)";
				ASSETCATALOG_COMPILER_APPICON_NAME = AppIcon;
				CLANG_ENABLE_MODULES = YES;
				CODE_SIGN_IDENTITY = "iPhone Developer";
				INFOPLIST_FILE = CoreAnimation_Collection/Info.plist;
				IPHONEOS_DEPLOYMENT_TARGET = 8.0;
				LD_RUNPATH_SEARCH_PATHS = "$(inherited) @executable_path/Frameworks";
				PRODUCT_BUNDLE_IDENTIFIER = "com.Ray.CoreAnimation-Collection";
				PRODUCT_NAME = "$(TARGET_NAME)";
				SWIFT_OBJC_BRIDGING_HEADER = "CoreAnimation_Collection/CoreAnimation_Collection-Bridging-Header.h";
				SWIFT_OPTIMIZATION_LEVEL = "-Onone";
				SWIFT_VERSION = 3.0;
			};
			name = Debug;
		};
		E404C80B1C1973B0007DC001 /* Release */ = {
			isa = XCBuildConfiguration;
			baseConfigurationReference = 306822D31D5B42D24673407E /* Pods-CoreAnimation_Collection.release.xcconfig */;
			buildSettings = {
				ALWAYS_EMBED_SWIFT_STANDARD_LIBRARIES = "$(inherited)";
				ASSETCATALOG_COMPILER_APPICON_NAME = AppIcon;
				CLANG_ENABLE_MODULES = YES;
				CODE_SIGN_IDENTITY = "iPhone Developer";
				INFOPLIST_FILE = CoreAnimation_Collection/Info.plist;
				IPHONEOS_DEPLOYMENT_TARGET = 8.0;
				LD_RUNPATH_SEARCH_PATHS = "$(inherited) @executable_path/Frameworks";
				PRODUCT_BUNDLE_IDENTIFIER = "com.Ray.CoreAnimation-Collection";
				PRODUCT_NAME = "$(TARGET_NAME)";
				SWIFT_OBJC_BRIDGING_HEADER = "CoreAnimation_Collection/CoreAnimation_Collection-Bridging-Header.h";
				SWIFT_VERSION = 3.0;
			};
			name = Release;
		};
		E404C80D1C1973B0007DC001 /* Debug */ = {
			isa = XCBuildConfiguration;
			buildSettings = {
				BUNDLE_LOADER = "$(TEST_HOST)";
				INFOPLIST_FILE = CoreAnimation_CollectionTests/Info.plist;
				LD_RUNPATH_SEARCH_PATHS = "$(inherited) @executable_path/Frameworks @loader_path/Frameworks";
				PRODUCT_BUNDLE_IDENTIFIER = "com.Ray.CoreAnimation-CollectionTests";
				PRODUCT_NAME = "$(TARGET_NAME)";
				SWIFT_VERSION = 3.0;
				TEST_HOST = "$(BUILT_PRODUCTS_DIR)/CoreAnimation_Collection.app/CoreAnimation_Collection";
			};
			name = Debug;
		};
		E404C80E1C1973B0007DC001 /* Release */ = {
			isa = XCBuildConfiguration;
			buildSettings = {
				BUNDLE_LOADER = "$(TEST_HOST)";
				INFOPLIST_FILE = CoreAnimation_CollectionTests/Info.plist;
				LD_RUNPATH_SEARCH_PATHS = "$(inherited) @executable_path/Frameworks @loader_path/Frameworks";
				PRODUCT_BUNDLE_IDENTIFIER = "com.Ray.CoreAnimation-CollectionTests";
				PRODUCT_NAME = "$(TARGET_NAME)";
				SWIFT_VERSION = 3.0;
				TEST_HOST = "$(BUILT_PRODUCTS_DIR)/CoreAnimation_Collection.app/CoreAnimation_Collection";
			};
			name = Release;
		};
		E404C8101C1973B0007DC001 /* Debug */ = {
			isa = XCBuildConfiguration;
			buildSettings = {
				INFOPLIST_FILE = CoreAnimation_CollectionUITests/Info.plist;
				LD_RUNPATH_SEARCH_PATHS = "$(inherited) @executable_path/Frameworks @loader_path/Frameworks";
				PRODUCT_BUNDLE_IDENTIFIER = "com.Ray.CoreAnimation-CollectionUITests";
				PRODUCT_NAME = "$(TARGET_NAME)";
				SWIFT_VERSION = 3.0;
				TEST_TARGET_NAME = CoreAnimation_Collection;
				USES_XCTRUNNER = YES;
			};
			name = Debug;
		};
		E404C8111C1973B0007DC001 /* Release */ = {
			isa = XCBuildConfiguration;
			buildSettings = {
				INFOPLIST_FILE = CoreAnimation_CollectionUITests/Info.plist;
				LD_RUNPATH_SEARCH_PATHS = "$(inherited) @executable_path/Frameworks @loader_path/Frameworks";
				PRODUCT_BUNDLE_IDENTIFIER = "com.Ray.CoreAnimation-CollectionUITests";
				PRODUCT_NAME = "$(TARGET_NAME)";
				SWIFT_VERSION = 3.0;
				TEST_TARGET_NAME = CoreAnimation_Collection;
				USES_XCTRUNNER = YES;
			};
			name = Release;
		};
/* End XCBuildConfiguration section */

/* Begin XCConfigurationList section */
		E404C7DC1C1973B0007DC001 /* Build configuration list for PBXProject "CoreAnimation_Collection" */ = {
			isa = XCConfigurationList;
			buildConfigurations = (
				E404C8071C1973B0007DC001 /* Debug */,
				E404C8081C1973B0007DC001 /* Release */,
			);
			defaultConfigurationIsVisible = 0;
			defaultConfigurationName = Release;
		};
		E404C8091C1973B0007DC001 /* Build configuration list for PBXNativeTarget "CoreAnimation_Collection" */ = {
			isa = XCConfigurationList;
			buildConfigurations = (
				E404C80A1C1973B0007DC001 /* Debug */,
				E404C80B1C1973B0007DC001 /* Release */,
			);
			defaultConfigurationIsVisible = 0;
			defaultConfigurationName = Release;
		};
		E404C80C1C1973B0007DC001 /* Build configuration list for PBXNativeTarget "CoreAnimation_CollectionTests" */ = {
			isa = XCConfigurationList;
			buildConfigurations = (
				E404C80D1C1973B0007DC001 /* Debug */,
				E404C80E1C1973B0007DC001 /* Release */,
			);
			defaultConfigurationIsVisible = 0;
			defaultConfigurationName = Release;
		};
		E404C80F1C1973B0007DC001 /* Build configuration list for PBXNativeTarget "CoreAnimation_CollectionUITests" */ = {
			isa = XCConfigurationList;
			buildConfigurations = (
				E404C8101C1973B0007DC001 /* Debug */,
				E404C8111C1973B0007DC001 /* Release */,
			);
			defaultConfigurationIsVisible = 0;
			defaultConfigurationName = Release;
		};
/* End XCConfigurationList section */
	};
	rootObject = E404C7D91C1973B0007DC001 /* Project object */;
}
